
Microsoft Visual Studio Solution File, Format Version 12.00
# Visual Studio Version 17
VisualStudioVersion = 17.0.32014.148
MinimumVisualStudioVersion = 10.0.40219.1
Project("{9A19103F-16F7-4668-BE54-9A1E7A4F7556}") = "NLayer.Core", "NLayer.Core\NLayer.Core.csproj", "{F425F72A-1943-4DC0-A53A-80767BA78F30}"
EndProject
Project("{9A19103F-16F7-4668-BE54-9A1E7A4F7556}") = "NLayer.Repository", "NLayer.Repository\NLayer.Repository.csproj", "{92694787-5FD4-42E6-A409-C5ED4888C0CD}"
EndProject
Project("{9A19103F-16F7-4668-BE54-9A1E7A4F7556}") = "NLayer.Service", "NLayer.Service\NLayer.Service.csproj", "{4169B42C-7DA8-48C5-8210-A2ED19F3C61F}"
EndProject
Project("{9A19103F-16F7-4668-BE54-9A1E7A4F7556}") = "NLayer.API", "NLayer.API\NLayer.API.csproj", "{264AB848-76F0-48DC-A78F-3347B712D965}"
EndProject
Project("{2150E333-8FDC-42A3-9474-1A3956D46DE8}") = "Solution Items", "Solution Items", "{0C58E220-1915-4FBC-9681-767BBE2D0575}"
	ProjectSection(SolutionItems) = preProject
		.editorconfig = .editorconfig
	EndProjectSection
EndProject
Global
	GlobalSection(SolutionConfigurationPlatforms) = preSolution
		Debug|Any CPU = Debug|Any CPU
		Release|Any CPU = Release|Any CPU
	EndGlobalSection
	GlobalSection(ProjectConfigurationPlatforms) = postSolution
		{F425F72A-1943-4DC0-A53A-80767BA78F30}.Debug|Any CPU.ActiveCfg = Debug|Any CPU
		{F425F72A-1943-4DC0-A53A-80767BA78F30}.Debug|Any CPU.Build.0 = Debug|Any CPU
		{F425F72A-1943-4DC0-A53A-80767BA78F30}.Release|Any CPU.ActiveCfg = Release|Any CPU
		{F425F72A-1943-4DC0-A53A-80767BA78F30}.Release|Any CPU.Build.0 = Release|Any CPU
		{92694787-5FD4-42E6-A409-C5ED4888C0CD}.Debug|Any CPU.ActiveCfg = Debug|Any CPU
		{92694787-5FD4-42E6-A409-C5ED4888C0CD}.Debug|Any CPU.Build.0 = Debug|Any CPU
		{92694787-5FD4-42E6-A409-C5ED4888C0CD}.Release|Any CPU.ActiveCfg = Release|Any CPU
		{92694787-5FD4-42E6-A409-C5ED4888C0CD}.Release|Any CPU.Build.0 = Release|Any CPU
		{4169B42C-7DA8-48C5-8210-A2ED19F3C61F}.Debug|Any CPU.ActiveCfg = Debug|Any CPU
		{4169B42C-7DA8-48C5-8210-A2ED19F3C61F}.Debug|Any CPU.Build.0 = Debug|Any CPU
		{4169B42C-7DA8-48C5-8210-A2ED19F3C61F}.Release|Any CPU.ActiveCfg = Release|Any CPU
		{4169B42C-7DA8-48C5-8210-A2ED19F3C61F}.Release|Any CPU.Build.0 = Release|Any CPU
		{264AB848-76F0-48DC-A78F-3347B712D965}.Debug|Any CPU.ActiveCfg = Debug|Any CPU
		{264AB848-76F0-48DC-A78F-3347B712D965}.Debug|Any CPU.Build.0 = Debug|Any CPU
		{264AB848-76F0-48DC-A78F-3347B712D965}.Release|Any CPU.ActiveCfg = Release|Any CPU
		{264AB848-76F0-48DC-A78F-3347B712D965}.Release|Any CPU.Build.0 = Release|Any CPU
	EndGlobalSection
	GlobalSection(SolutionProperties) = preSolution
		HideSolutionNode = FALSE
	EndGlobalSection
	GlobalSection(ExtensibilityGlobals) = postSolution
		SolutionGuid = {CD919B35-34AA-4211-831D-AD60853DBDA2}
	EndGlobalSection
EndGlobal
